
Microsoft Visual Studio Solution File, Format Version 12.00
# Visual Studio 14
VisualStudioVersion = 14.0.22823.1
MinimumVisualStudioVersion = 10.0.40219.1
Project("{2150E333-8FDC-42A3-9474-1A3956D46DE8}") = "Solution Items", "Solution Items", "{E5A0B454-22D4-4694-99FF-D6A8B7DE7DA3}"
	ProjectSection(SolutionItems) = preProject
		Default.testsettings = Default.testsettings
		FluentAssertions.snk = FluentAssertions.snk
		Package\FluentAssertions.Xamarin.nuspec = Package\FluentAssertions.Xamarin.nuspec
		README.md = README.md
		SolutionInfo.cs = SolutionInfo.cs
	EndProjectSection
EndProject
Project("{2150E333-8FDC-42A3-9474-1A3956D46DE8}") = "Sources", "Sources", "{2D1C52B7-E25D-4BD5-8688-A642A6842AA5}"
EndProject
Project("{2150E333-8FDC-42A3-9474-1A3956D46DE8}") = "Specs", "Specs", "{963262D0-9FD5-4741-8C0E-E2F34F110EF3}"
EndProject
Project("{FAE04EC0-301F-11D3-BF4B-00C04F79EFBC}") = "iOS", "FluentAssertions.iOS\iOS.csproj", "{841FCCCF-6284-4868-96EE-23A92DBFD8F8}"
EndProject
Project("{FAE04EC0-301F-11D3-BF4B-00C04F79EFBC}") = "Android", "FluentAssertions.Android\Android.csproj", "{F2AA2B81-431F-4F5C-A662-BC75358BE5CC}"
EndProject
Project("{FAE04EC0-301F-11D3-BF4B-00C04F79EFBC}") = "iOS.Specs", "FluentAssertions.iOS.Specs\iOS.Specs.csproj", "{E8568E2D-EB6E-4742-90A8-671AC91F94BD}"
EndProject
Project("{FAE04EC0-301F-11D3-BF4B-00C04F79EFBC}") = "Android.Specs", "FluentAssertions.Android.Specs\Android.Specs.csproj", "{A85244E8-3C0F-4017-ABC6-A341A2F04D40}"
EndProject
Project("{FAE04EC0-301F-11D3-BF4B-00C04F79EFBC}") = "Core", "FluentAssertions.Core\Core.csproj", "{8931C5EF-3BAC-473A-A343-57791D0917B1}"
EndProject
Project("{D954291E-2A0B-460D-934E-DC6B0785DB48}") = "Shared.Specs", "FluentAssertions.Shared.Specs\Shared.Specs.shproj", "{0C23C12C-899F-4AD1-B737-B967A9910C08}"
EndProject
Project("{D954291E-2A0B-460D-934E-DC6B0785DB48}") = "Shared", "Shared\Shared.shproj", "{46445A29-4242-4FD4-9138-A47B2DBEA736}"
EndProject
Project("{FAE04EC0-301F-11D3-BF4B-00C04F79EFBC}") = "AssemblyA", "AssemblyA\AssemblyA.csproj", "{7144BD9D-2A5F-45B6-AC5B-E35578D03350}"
EndProject
Project("{FAE04EC0-301F-11D3-BF4B-00C04F79EFBC}") = "AssemblyB", "AssemblyB\AssemblyB.csproj", "{D9CCCAF6-FF9E-4688-9D96-645E27616AC4}"
EndProject
Project("{FAE04EC0-301F-11D3-BF4B-00C04F79EFBC}") = "iOS-Unified", "FluentAssertions.iOS-Unified\iOS-Unified.csproj", "{DAD9909F-EFF0-44D9-B0E3-92692E1CE704}"
EndProject
Global
	GlobalSection(SharedMSBuildProjectFiles) = preSolution
		Shared\Shared.projitems*{46445a29-4242-4fd4-9138-a47b2dbea736}*SharedItemsImports = 13
		Shared\Shared.projitems*{dad9909f-eff0-44d9-b0e3-92692e1ce704}*SharedItemsImports = 4
		Shared\Shared.projitems*{841fcccf-6284-4868-96ee-23a92dbfd8f8}*SharedItemsImports = 4
		Shared\Shared.projitems*{f2aa2b81-431f-4f5c-a662-bc75358be5cc}*SharedItemsImports = 4
		FluentAssertions.Shared.Specs\Shared.Specs.projitems*{a85244e8-3c0f-4017-abc6-a341a2f04d40}*SharedItemsImports = 4
		FluentAssertions.Shared.Specs\Shared.Specs.projitems*{0c23c12c-899f-4ad1-b737-b967a9910c08}*SharedItemsImports = 13
		FluentAssertions.Shared.Specs\Shared.Specs.projitems*{e8568e2d-eb6e-4742-90a8-671ac91f94bd}*SharedItemsImports = 4
	EndGlobalSection
	GlobalSection(SolutionConfigurationPlatforms) = preSolution
		Ad-Hoc|Any CPU = Ad-Hoc|Any CPU
		Ad-Hoc|ARM = Ad-Hoc|ARM
		Ad-Hoc|iPhone = Ad-Hoc|iPhone
		Ad-Hoc|iPhoneSimulator = Ad-Hoc|iPhoneSimulator
		Ad-Hoc|Mixed Platforms = Ad-Hoc|Mixed Platforms
		Ad-Hoc|x86 = Ad-Hoc|x86
		AppStore|Any CPU = AppStore|Any CPU
		AppStore|ARM = AppStore|ARM
		AppStore|iPhone = AppStore|iPhone
		AppStore|iPhoneSimulator = AppStore|iPhoneSimulator
		AppStore|Mixed Platforms = AppStore|Mixed Platforms
		AppStore|x86 = AppStore|x86
		Debug|Any CPU = Debug|Any CPU
		Debug|ARM = Debug|ARM
		Debug|iPhone = Debug|iPhone
		Debug|iPhoneSimulator = Debug|iPhoneSimulator
		Debug|Mixed Platforms = Debug|Mixed Platforms
		Debug|x86 = Debug|x86
		Release|Any CPU = Release|Any CPU
		Release|ARM = Release|ARM
		Release|iPhone = Release|iPhone
		Release|iPhoneSimulator = Release|iPhoneSimulator
		Release|Mixed Platforms = Release|Mixed Platforms
		Release|x86 = Release|x86
	EndGlobalSection
	GlobalSection(ProjectConfigurationPlatforms) = postSolution
		{841FCCCF-6284-4868-96EE-23A92DBFD8F8}.Ad-Hoc|Any CPU.ActiveCfg = Release|Any CPU
		{841FCCCF-6284-4868-96EE-23A92DBFD8F8}.Ad-Hoc|Any CPU.Build.0 = Release|Any CPU
		{841FCCCF-6284-4868-96EE-23A92DBFD8F8}.Ad-Hoc|ARM.ActiveCfg = Release|Any CPU
		{841FCCCF-6284-4868-96EE-23A92DBFD8F8}.Ad-Hoc|iPhone.ActiveCfg = Release|Any CPU
		{841FCCCF-6284-4868-96EE-23A92DBFD8F8}.Ad-Hoc|iPhoneSimulator.ActiveCfg = Release|Any CPU
		{841FCCCF-6284-4868-96EE-23A92DBFD8F8}.Ad-Hoc|Mixed Platforms.ActiveCfg = Release|Any CPU
		{841FCCCF-6284-4868-96EE-23A92DBFD8F8}.Ad-Hoc|Mixed Platforms.Build.0 = Release|Any CPU
		{841FCCCF-6284-4868-96EE-23A92DBFD8F8}.Ad-Hoc|x86.ActiveCfg = Release|Any CPU
		{841FCCCF-6284-4868-96EE-23A92DBFD8F8}.AppStore|Any CPU.ActiveCfg = Release|Any CPU
		{841FCCCF-6284-4868-96EE-23A92DBFD8F8}.AppStore|Any CPU.Build.0 = Release|Any CPU
		{841FCCCF-6284-4868-96EE-23A92DBFD8F8}.AppStore|ARM.ActiveCfg = Release|Any CPU
		{841FCCCF-6284-4868-96EE-23A92DBFD8F8}.AppStore|iPhone.ActiveCfg = Release|Any CPU
		{841FCCCF-6284-4868-96EE-23A92DBFD8F8}.AppStore|iPhoneSimulator.ActiveCfg = Release|Any CPU
		{841FCCCF-6284-4868-96EE-23A92DBFD8F8}.AppStore|Mixed Platforms.ActiveCfg = Release|Any CPU
		{841FCCCF-6284-4868-96EE-23A92DBFD8F8}.AppStore|Mixed Platforms.Build.0 = Release|Any CPU
		{841FCCCF-6284-4868-96EE-23A92DBFD8F8}.AppStore|x86.ActiveCfg = Release|Any CPU
		{841FCCCF-6284-4868-96EE-23A92DBFD8F8}.Debug|Any CPU.ActiveCfg = Debug|Any CPU
		{841FCCCF-6284-4868-96EE-23A92DBFD8F8}.Debug|Any CPU.Build.0 = Debug|Any CPU
		{841FCCCF-6284-4868-96EE-23A92DBFD8F8}.Debug|ARM.ActiveCfg = Debug|Any CPU
		{841FCCCF-6284-4868-96EE-23A92DBFD8F8}.Debug|iPhone.ActiveCfg = Debug|Any CPU
		{841FCCCF-6284-4868-96EE-23A92DBFD8F8}.Debug|iPhone.Build.0 = Debug|Any CPU
		{841FCCCF-6284-4868-96EE-23A92DBFD8F8}.Debug|iPhoneSimulator.ActiveCfg = Debug|Any CPU
		{841FCCCF-6284-4868-96EE-23A92DBFD8F8}.Debug|iPhoneSimulator.Build.0 = Debug|Any CPU
		{841FCCCF-6284-4868-96EE-23A92DBFD8F8}.Debug|Mixed Platforms.ActiveCfg = Debug|Any CPU
		{841FCCCF-6284-4868-96EE-23A92DBFD8F8}.Debug|Mixed Platforms.Build.0 = Debug|Any CPU
		{841FCCCF-6284-4868-96EE-23A92DBFD8F8}.Debug|x86.ActiveCfg = Debug|Any CPU
		{841FCCCF-6284-4868-96EE-23A92DBFD8F8}.Release|Any CPU.ActiveCfg = Release|Any CPU
		{841FCCCF-6284-4868-96EE-23A92DBFD8F8}.Release|Any CPU.Build.0 = Release|Any CPU
		{841FCCCF-6284-4868-96EE-23A92DBFD8F8}.Release|ARM.ActiveCfg = Release|Any CPU
		{841FCCCF-6284-4868-96EE-23A92DBFD8F8}.Release|iPhone.ActiveCfg = Release|Any CPU
		{841FCCCF-6284-4868-96EE-23A92DBFD8F8}.Release|iPhone.Build.0 = Release|Any CPU
		{841FCCCF-6284-4868-96EE-23A92DBFD8F8}.Release|iPhoneSimulator.ActiveCfg = Release|Any CPU
		{841FCCCF-6284-4868-96EE-23A92DBFD8F8}.Release|iPhoneSimulator.Build.0 = Release|Any CPU
		{841FCCCF-6284-4868-96EE-23A92DBFD8F8}.Release|Mixed Platforms.ActiveCfg = Release|Any CPU
		{841FCCCF-6284-4868-96EE-23A92DBFD8F8}.Release|Mixed Platforms.Build.0 = Release|Any CPU
		{841FCCCF-6284-4868-96EE-23A92DBFD8F8}.Release|x86.ActiveCfg = Release|Any CPU
		{F2AA2B81-431F-4F5C-A662-BC75358BE5CC}.Ad-Hoc|Any CPU.ActiveCfg = Release|Any CPU
		{F2AA2B81-431F-4F5C-A662-BC75358BE5CC}.Ad-Hoc|Any CPU.Build.0 = Release|Any CPU
		{F2AA2B81-431F-4F5C-A662-BC75358BE5CC}.Ad-Hoc|ARM.ActiveCfg = Release|Any CPU
		{F2AA2B81-431F-4F5C-A662-BC75358BE5CC}.Ad-Hoc|iPhone.ActiveCfg = Release|Any CPU
		{F2AA2B81-431F-4F5C-A662-BC75358BE5CC}.Ad-Hoc|iPhoneSimulator.ActiveCfg = Release|Any CPU
		{F2AA2B81-431F-4F5C-A662-BC75358BE5CC}.Ad-Hoc|Mixed Platforms.ActiveCfg = Release|Any CPU
		{F2AA2B81-431F-4F5C-A662-BC75358BE5CC}.Ad-Hoc|Mixed Platforms.Build.0 = Release|Any CPU
		{F2AA2B81-431F-4F5C-A662-BC75358BE5CC}.Ad-Hoc|x86.ActiveCfg = Release|Any CPU
		{F2AA2B81-431F-4F5C-A662-BC75358BE5CC}.AppStore|Any CPU.ActiveCfg = Release|Any CPU
		{F2AA2B81-431F-4F5C-A662-BC75358BE5CC}.AppStore|Any CPU.Build.0 = Release|Any CPU
		{F2AA2B81-431F-4F5C-A662-BC75358BE5CC}.AppStore|ARM.ActiveCfg = Release|Any CPU
		{F2AA2B81-431F-4F5C-A662-BC75358BE5CC}.AppStore|iPhone.ActiveCfg = Release|Any CPU
		{F2AA2B81-431F-4F5C-A662-BC75358BE5CC}.AppStore|iPhoneSimulator.ActiveCfg = Release|Any CPU
		{F2AA2B81-431F-4F5C-A662-BC75358BE5CC}.AppStore|Mixed Platforms.ActiveCfg = Release|Any CPU
		{F2AA2B81-431F-4F5C-A662-BC75358BE5CC}.AppStore|Mixed Platforms.Build.0 = Release|Any CPU
		{F2AA2B81-431F-4F5C-A662-BC75358BE5CC}.AppStore|x86.ActiveCfg = Release|Any CPU
		{F2AA2B81-431F-4F5C-A662-BC75358BE5CC}.Debug|Any CPU.ActiveCfg = Debug|Any CPU
		{F2AA2B81-431F-4F5C-A662-BC75358BE5CC}.Debug|Any CPU.Build.0 = Debug|Any CPU
		{F2AA2B81-431F-4F5C-A662-BC75358BE5CC}.Debug|ARM.ActiveCfg = Debug|Any CPU
		{F2AA2B81-431F-4F5C-A662-BC75358BE5CC}.Debug|iPhone.ActiveCfg = Debug|Any CPU
		{F2AA2B81-431F-4F5C-A662-BC75358BE5CC}.Debug|iPhoneSimulator.ActiveCfg = Debug|Any CPU
		{F2AA2B81-431F-4F5C-A662-BC75358BE5CC}.Debug|Mixed Platforms.ActiveCfg = Debug|Any CPU
		{F2AA2B81-431F-4F5C-A662-BC75358BE5CC}.Debug|Mixed Platforms.Build.0 = Debug|Any CPU
		{F2AA2B81-431F-4F5C-A662-BC75358BE5CC}.Debug|x86.ActiveCfg = Debug|Any CPU
		{F2AA2B81-431F-4F5C-A662-BC75358BE5CC}.Release|Any CPU.ActiveCfg = Release|Any CPU
		{F2AA2B81-431F-4F5C-A662-BC75358BE5CC}.Release|Any CPU.Build.0 = Release|Any CPU
		{F2AA2B81-431F-4F5C-A662-BC75358BE5CC}.Release|ARM.ActiveCfg = Release|Any CPU
		{F2AA2B81-431F-4F5C-A662-BC75358BE5CC}.Release|iPhone.ActiveCfg = Release|Any CPU
		{F2AA2B81-431F-4F5C-A662-BC75358BE5CC}.Release|iPhoneSimulator.ActiveCfg = Release|Any CPU
		{F2AA2B81-431F-4F5C-A662-BC75358BE5CC}.Release|Mixed Platforms.ActiveCfg = Release|Any CPU
		{F2AA2B81-431F-4F5C-A662-BC75358BE5CC}.Release|Mixed Platforms.Build.0 = Release|Any CPU
		{F2AA2B81-431F-4F5C-A662-BC75358BE5CC}.Release|x86.ActiveCfg = Release|Any CPU
		{E8568E2D-EB6E-4742-90A8-671AC91F94BD}.Ad-Hoc|Any CPU.ActiveCfg = Ad-Hoc|iPhone
		{E8568E2D-EB6E-4742-90A8-671AC91F94BD}.Ad-Hoc|ARM.ActiveCfg = Ad-Hoc|iPhone
		{E8568E2D-EB6E-4742-90A8-671AC91F94BD}.Ad-Hoc|iPhone.ActiveCfg = Ad-Hoc|iPhone
		{E8568E2D-EB6E-4742-90A8-671AC91F94BD}.Ad-Hoc|iPhone.Build.0 = Ad-Hoc|iPhone
		{E8568E2D-EB6E-4742-90A8-671AC91F94BD}.Ad-Hoc|iPhone.Deploy.0 = Ad-Hoc|iPhone
		{E8568E2D-EB6E-4742-90A8-671AC91F94BD}.Ad-Hoc|iPhoneSimulator.ActiveCfg = Ad-Hoc|iPhoneSimulator
		{E8568E2D-EB6E-4742-90A8-671AC91F94BD}.Ad-Hoc|iPhoneSimulator.Build.0 = Ad-Hoc|iPhoneSimulator
		{E8568E2D-EB6E-4742-90A8-671AC91F94BD}.Ad-Hoc|iPhoneSimulator.Deploy.0 = Ad-Hoc|iPhoneSimulator
		{E8568E2D-EB6E-4742-90A8-671AC91F94BD}.Ad-Hoc|Mixed Platforms.ActiveCfg = Ad-Hoc|iPhone
		{E8568E2D-EB6E-4742-90A8-671AC91F94BD}.Ad-Hoc|Mixed Platforms.Build.0 = Ad-Hoc|iPhone
		{E8568E2D-EB6E-4742-90A8-671AC91F94BD}.Ad-Hoc|Mixed Platforms.Deploy.0 = Ad-Hoc|iPhone
		{E8568E2D-EB6E-4742-90A8-671AC91F94BD}.Ad-Hoc|x86.ActiveCfg = Ad-Hoc|iPhone
		{E8568E2D-EB6E-4742-90A8-671AC91F94BD}.AppStore|Any CPU.ActiveCfg = AppStore|iPhone
		{E8568E2D-EB6E-4742-90A8-671AC91F94BD}.AppStore|ARM.ActiveCfg = AppStore|iPhone
		{E8568E2D-EB6E-4742-90A8-671AC91F94BD}.AppStore|iPhone.ActiveCfg = AppStore|iPhone
		{E8568E2D-EB6E-4742-90A8-671AC91F94BD}.AppStore|iPhone.Build.0 = AppStore|iPhone
		{E8568E2D-EB6E-4742-90A8-671AC91F94BD}.AppStore|iPhone.Deploy.0 = AppStore|iPhone
		{E8568E2D-EB6E-4742-90A8-671AC91F94BD}.AppStore|iPhoneSimulator.ActiveCfg = AppStore|iPhoneSimulator
		{E8568E2D-EB6E-4742-90A8-671AC91F94BD}.AppStore|iPhoneSimulator.Build.0 = AppStore|iPhoneSimulator
		{E8568E2D-EB6E-4742-90A8-671AC91F94BD}.AppStore|iPhoneSimulator.Deploy.0 = AppStore|iPhoneSimulator
		{E8568E2D-EB6E-4742-90A8-671AC91F94BD}.AppStore|Mixed Platforms.ActiveCfg = AppStore|iPhone
		{E8568E2D-EB6E-4742-90A8-671AC91F94BD}.AppStore|Mixed Platforms.Build.0 = AppStore|iPhone
		{E8568E2D-EB6E-4742-90A8-671AC91F94BD}.AppStore|Mixed Platforms.Deploy.0 = AppStore|iPhone
		{E8568E2D-EB6E-4742-90A8-671AC91F94BD}.AppStore|x86.ActiveCfg = AppStore|iPhone
		{E8568E2D-EB6E-4742-90A8-671AC91F94BD}.Debug|Any CPU.ActiveCfg = Debug|iPhone
		{E8568E2D-EB6E-4742-90A8-671AC91F94BD}.Debug|ARM.ActiveCfg = Debug|iPhone
		{E8568E2D-EB6E-4742-90A8-671AC91F94BD}.Debug|iPhone.ActiveCfg = Debug|iPhone
		{E8568E2D-EB6E-4742-90A8-671AC91F94BD}.Debug|iPhone.Build.0 = Debug|iPhone
		{E8568E2D-EB6E-4742-90A8-671AC91F94BD}.Debug|iPhone.Deploy.0 = Debug|iPhone
		{E8568E2D-EB6E-4742-90A8-671AC91F94BD}.Debug|iPhoneSimulator.ActiveCfg = Debug|iPhoneSimulator
		{E8568E2D-EB6E-4742-90A8-671AC91F94BD}.Debug|iPhoneSimulator.Build.0 = Debug|iPhoneSimulator
		{E8568E2D-EB6E-4742-90A8-671AC91F94BD}.Debug|iPhoneSimulator.Deploy.0 = Debug|iPhoneSimulator
		{E8568E2D-EB6E-4742-90A8-671AC91F94BD}.Debug|Mixed Platforms.ActiveCfg = Debug|iPhone
		{E8568E2D-EB6E-4742-90A8-671AC91F94BD}.Debug|Mixed Platforms.Build.0 = Debug|iPhone
		{E8568E2D-EB6E-4742-90A8-671AC91F94BD}.Debug|Mixed Platforms.Deploy.0 = Debug|iPhone
		{E8568E2D-EB6E-4742-90A8-671AC91F94BD}.Debug|x86.ActiveCfg = Debug|iPhone
		{E8568E2D-EB6E-4742-90A8-671AC91F94BD}.Release|Any CPU.ActiveCfg = Release|iPhone
		{E8568E2D-EB6E-4742-90A8-671AC91F94BD}.Release|Any CPU.Deploy.0 = Release|iPhone
		{E8568E2D-EB6E-4742-90A8-671AC91F94BD}.Release|ARM.ActiveCfg = Release|iPhone
		{E8568E2D-EB6E-4742-90A8-671AC91F94BD}.Release|iPhone.ActiveCfg = Release|iPhone
		{E8568E2D-EB6E-4742-90A8-671AC91F94BD}.Release|iPhone.Build.0 = Release|iPhone
		{E8568E2D-EB6E-4742-90A8-671AC91F94BD}.Release|iPhone.Deploy.0 = Release|iPhone
		{E8568E2D-EB6E-4742-90A8-671AC91F94BD}.Release|iPhoneSimulator.ActiveCfg = Release|iPhoneSimulator
		{E8568E2D-EB6E-4742-90A8-671AC91F94BD}.Release|iPhoneSimulator.Build.0 = Release|iPhoneSimulator
		{E8568E2D-EB6E-4742-90A8-671AC91F94BD}.Release|iPhoneSimulator.Deploy.0 = Release|iPhoneSimulator
		{E8568E2D-EB6E-4742-90A8-671AC91F94BD}.Release|Mixed Platforms.ActiveCfg = Release|iPhone
		{E8568E2D-EB6E-4742-90A8-671AC91F94BD}.Release|Mixed Platforms.Build.0 = Release|iPhone
		{E8568E2D-EB6E-4742-90A8-671AC91F94BD}.Release|Mixed Platforms.Deploy.0 = Release|iPhone
		{E8568E2D-EB6E-4742-90A8-671AC91F94BD}.Release|x86.ActiveCfg = Release|iPhone
		{A85244E8-3C0F-4017-ABC6-A341A2F04D40}.Ad-Hoc|Any CPU.ActiveCfg = Release|Any CPU
		{A85244E8-3C0F-4017-ABC6-A341A2F04D40}.Ad-Hoc|Any CPU.Build.0 = Release|Any CPU
		{A85244E8-3C0F-4017-ABC6-A341A2F04D40}.Ad-Hoc|Any CPU.Deploy.0 = Release|Any CPU
		{A85244E8-3C0F-4017-ABC6-A341A2F04D40}.Ad-Hoc|ARM.ActiveCfg = Release|Any CPU
		{A85244E8-3C0F-4017-ABC6-A341A2F04D40}.Ad-Hoc|iPhone.ActiveCfg = Release|Any CPU
		{A85244E8-3C0F-4017-ABC6-A341A2F04D40}.Ad-Hoc|iPhoneSimulator.ActiveCfg = Release|Any CPU
		{A85244E8-3C0F-4017-ABC6-A341A2F04D40}.Ad-Hoc|Mixed Platforms.ActiveCfg = Release|Any CPU
		{A85244E8-3C0F-4017-ABC6-A341A2F04D40}.Ad-Hoc|Mixed Platforms.Build.0 = Release|Any CPU
		{A85244E8-3C0F-4017-ABC6-A341A2F04D40}.Ad-Hoc|Mixed Platforms.Deploy.0 = Release|Any CPU
		{A85244E8-3C0F-4017-ABC6-A341A2F04D40}.Ad-Hoc|x86.ActiveCfg = Release|Any CPU
		{A85244E8-3C0F-4017-ABC6-A341A2F04D40}.AppStore|Any CPU.ActiveCfg = Release|Any CPU
		{A85244E8-3C0F-4017-ABC6-A341A2F04D40}.AppStore|Any CPU.Build.0 = Release|Any CPU
		{A85244E8-3C0F-4017-ABC6-A341A2F04D40}.AppStore|Any CPU.Deploy.0 = Release|Any CPU
		{A85244E8-3C0F-4017-ABC6-A341A2F04D40}.AppStore|ARM.ActiveCfg = Release|Any CPU
		{A85244E8-3C0F-4017-ABC6-A341A2F04D40}.AppStore|iPhone.ActiveCfg = Release|Any CPU
		{A85244E8-3C0F-4017-ABC6-A341A2F04D40}.AppStore|iPhoneSimulator.ActiveCfg = Release|Any CPU
		{A85244E8-3C0F-4017-ABC6-A341A2F04D40}.AppStore|Mixed Platforms.ActiveCfg = Release|Any CPU
		{A85244E8-3C0F-4017-ABC6-A341A2F04D40}.AppStore|Mixed Platforms.Build.0 = Release|Any CPU
		{A85244E8-3C0F-4017-ABC6-A341A2F04D40}.AppStore|Mixed Platforms.Deploy.0 = Release|Any CPU
		{A85244E8-3C0F-4017-ABC6-A341A2F04D40}.AppStore|x86.ActiveCfg = Release|Any CPU
		{A85244E8-3C0F-4017-ABC6-A341A2F04D40}.Debug|Any CPU.ActiveCfg = Debug|Any CPU
		{A85244E8-3C0F-4017-ABC6-A341A2F04D40}.Debug|Any CPU.Build.0 = Debug|Any CPU
		{A85244E8-3C0F-4017-ABC6-A341A2F04D40}.Debug|Any CPU.Deploy.0 = Debug|Any CPU
		{A85244E8-3C0F-4017-ABC6-A341A2F04D40}.Debug|ARM.ActiveCfg = Debug|Any CPU
		{A85244E8-3C0F-4017-ABC6-A341A2F04D40}.Debug|iPhone.ActiveCfg = Debug|Any CPU
		{A85244E8-3C0F-4017-ABC6-A341A2F04D40}.Debug|iPhoneSimulator.ActiveCfg = Debug|Any CPU
		{A85244E8-3C0F-4017-ABC6-A341A2F04D40}.Debug|Mixed Platforms.ActiveCfg = Debug|Any CPU
		{A85244E8-3C0F-4017-ABC6-A341A2F04D40}.Debug|Mixed Platforms.Build.0 = Debug|Any CPU
		{A85244E8-3C0F-4017-ABC6-A341A2F04D40}.Debug|Mixed Platforms.Deploy.0 = Debug|Any CPU
		{A85244E8-3C0F-4017-ABC6-A341A2F04D40}.Debug|x86.ActiveCfg = Debug|Any CPU
		{A85244E8-3C0F-4017-ABC6-A341A2F04D40}.Release|Any CPU.ActiveCfg = Release|Any CPU
		{A85244E8-3C0F-4017-ABC6-A341A2F04D40}.Release|Any CPU.Deploy.0 = Release|Any CPU
		{A85244E8-3C0F-4017-ABC6-A341A2F04D40}.Release|ARM.ActiveCfg = Release|Any CPU
		{A85244E8-3C0F-4017-ABC6-A341A2F04D40}.Release|iPhone.ActiveCfg = Release|Any CPU
		{A85244E8-3C0F-4017-ABC6-A341A2F04D40}.Release|iPhoneSimulator.ActiveCfg = Release|Any CPU
		{A85244E8-3C0F-4017-ABC6-A341A2F04D40}.Release|Mixed Platforms.ActiveCfg = Release|Any CPU
		{A85244E8-3C0F-4017-ABC6-A341A2F04D40}.Release|Mixed Platforms.Build.0 = Release|Any CPU
		{A85244E8-3C0F-4017-ABC6-A341A2F04D40}.Release|Mixed Platforms.Deploy.0 = Release|Any CPU
		{A85244E8-3C0F-4017-ABC6-A341A2F04D40}.Release|x86.ActiveCfg = Release|Any CPU
		{8931C5EF-3BAC-473A-A343-57791D0917B1}.Ad-Hoc|Any CPU.ActiveCfg = Release|Any CPU
		{8931C5EF-3BAC-473A-A343-57791D0917B1}.Ad-Hoc|Any CPU.Build.0 = Release|Any CPU
		{8931C5EF-3BAC-473A-A343-57791D0917B1}.Ad-Hoc|ARM.ActiveCfg = Release|Any CPU
		{8931C5EF-3BAC-473A-A343-57791D0917B1}.Ad-Hoc|iPhone.ActiveCfg = Release|Any CPU
		{8931C5EF-3BAC-473A-A343-57791D0917B1}.Ad-Hoc|iPhoneSimulator.ActiveCfg = Release|Any CPU
		{8931C5EF-3BAC-473A-A343-57791D0917B1}.Ad-Hoc|Mixed Platforms.ActiveCfg = Release|Any CPU
		{8931C5EF-3BAC-473A-A343-57791D0917B1}.Ad-Hoc|Mixed Platforms.Build.0 = Release|Any CPU
		{8931C5EF-3BAC-473A-A343-57791D0917B1}.Ad-Hoc|x86.ActiveCfg = Release|Any CPU
		{8931C5EF-3BAC-473A-A343-57791D0917B1}.AppStore|Any CPU.ActiveCfg = Release|Any CPU
		{8931C5EF-3BAC-473A-A343-57791D0917B1}.AppStore|Any CPU.Build.0 = Release|Any CPU
		{8931C5EF-3BAC-473A-A343-57791D0917B1}.AppStore|ARM.ActiveCfg = Release|Any CPU
		{8931C5EF-3BAC-473A-A343-57791D0917B1}.AppStore|iPhone.ActiveCfg = Release|Any CPU
		{8931C5EF-3BAC-473A-A343-57791D0917B1}.AppStore|iPhoneSimulator.ActiveCfg = Release|Any CPU
		{8931C5EF-3BAC-473A-A343-57791D0917B1}.AppStore|Mixed Platforms.ActiveCfg = Release|Any CPU
		{8931C5EF-3BAC-473A-A343-57791D0917B1}.AppStore|Mixed Platforms.Build.0 = Release|Any CPU
		{8931C5EF-3BAC-473A-A343-57791D0917B1}.AppStore|x86.ActiveCfg = Release|Any CPU
		{8931C5EF-3BAC-473A-A343-57791D0917B1}.Debug|Any CPU.ActiveCfg = Debug|Any CPU
		{8931C5EF-3BAC-473A-A343-57791D0917B1}.Debug|Any CPU.Build.0 = Debug|Any CPU
		{8931C5EF-3BAC-473A-A343-57791D0917B1}.Debug|ARM.ActiveCfg = Debug|Any CPU
		{8931C5EF-3BAC-473A-A343-57791D0917B1}.Debug|iPhone.ActiveCfg = Debug|Any CPU
		{8931C5EF-3BAC-473A-A343-57791D0917B1}.Debug|iPhone.Build.0 = Debug|Any CPU
		{8931C5EF-3BAC-473A-A343-57791D0917B1}.Debug|iPhoneSimulator.ActiveCfg = Debug|Any CPU
		{8931C5EF-3BAC-473A-A343-57791D0917B1}.Debug|Mixed Platforms.ActiveCfg = Debug|Any CPU
		{8931C5EF-3BAC-473A-A343-57791D0917B1}.Debug|Mixed Platforms.Build.0 = Debug|Any CPU
		{8931C5EF-3BAC-473A-A343-57791D0917B1}.Debug|x86.ActiveCfg = Debug|Any CPU
		{8931C5EF-3BAC-473A-A343-57791D0917B1}.Release|Any CPU.ActiveCfg = Release|Any CPU
		{8931C5EF-3BAC-473A-A343-57791D0917B1}.Release|Any CPU.Build.0 = Release|Any CPU
		{8931C5EF-3BAC-473A-A343-57791D0917B1}.Release|ARM.ActiveCfg = Release|Any CPU
		{8931C5EF-3BAC-473A-A343-57791D0917B1}.Release|iPhone.ActiveCfg = Release|Any CPU
		{8931C5EF-3BAC-473A-A343-57791D0917B1}.Release|iPhone.Build.0 = Release|Any CPU
		{8931C5EF-3BAC-473A-A343-57791D0917B1}.Release|iPhoneSimulator.ActiveCfg = Release|Any CPU
		{8931C5EF-3BAC-473A-A343-57791D0917B1}.Release|Mixed Platforms.ActiveCfg = Release|Any CPU
		{8931C5EF-3BAC-473A-A343-57791D0917B1}.Release|Mixed Platforms.Build.0 = Release|Any CPU
		{8931C5EF-3BAC-473A-A343-57791D0917B1}.Release|x86.ActiveCfg = Release|Any CPU
		{7144BD9D-2A5F-45B6-AC5B-E35578D03350}.Ad-Hoc|Any CPU.ActiveCfg = Release|Any CPU
		{7144BD9D-2A5F-45B6-AC5B-E35578D03350}.Ad-Hoc|Any CPU.Build.0 = Release|Any CPU
		{7144BD9D-2A5F-45B6-AC5B-E35578D03350}.Ad-Hoc|ARM.ActiveCfg = Release|Any CPU
		{7144BD9D-2A5F-45B6-AC5B-E35578D03350}.Ad-Hoc|iPhone.ActiveCfg = Release|Any CPU
		{7144BD9D-2A5F-45B6-AC5B-E35578D03350}.Ad-Hoc|iPhoneSimulator.ActiveCfg = Release|Any CPU
		{7144BD9D-2A5F-45B6-AC5B-E35578D03350}.Ad-Hoc|Mixed Platforms.ActiveCfg = Release|Any CPU
		{7144BD9D-2A5F-45B6-AC5B-E35578D03350}.Ad-Hoc|Mixed Platforms.Build.0 = Release|Any CPU
		{7144BD9D-2A5F-45B6-AC5B-E35578D03350}.Ad-Hoc|x86.ActiveCfg = Release|Any CPU
		{7144BD9D-2A5F-45B6-AC5B-E35578D03350}.AppStore|Any CPU.ActiveCfg = Release|Any CPU
		{7144BD9D-2A5F-45B6-AC5B-E35578D03350}.AppStore|Any CPU.Build.0 = Release|Any CPU
		{7144BD9D-2A5F-45B6-AC5B-E35578D03350}.AppStore|ARM.ActiveCfg = Release|Any CPU
		{7144BD9D-2A5F-45B6-AC5B-E35578D03350}.AppStore|iPhone.ActiveCfg = Release|Any CPU
		{7144BD9D-2A5F-45B6-AC5B-E35578D03350}.AppStore|iPhoneSimulator.ActiveCfg = Release|Any CPU
		{7144BD9D-2A5F-45B6-AC5B-E35578D03350}.AppStore|Mixed Platforms.ActiveCfg = Release|Any CPU
		{7144BD9D-2A5F-45B6-AC5B-E35578D03350}.AppStore|Mixed Platforms.Build.0 = Release|Any CPU
		{7144BD9D-2A5F-45B6-AC5B-E35578D03350}.AppStore|x86.ActiveCfg = Release|Any CPU
		{7144BD9D-2A5F-45B6-AC5B-E35578D03350}.Debug|Any CPU.ActiveCfg = Debug|Any CPU
		{7144BD9D-2A5F-45B6-AC5B-E35578D03350}.Debug|Any CPU.Build.0 = Debug|Any CPU
		{7144BD9D-2A5F-45B6-AC5B-E35578D03350}.Debug|ARM.ActiveCfg = Debug|Any CPU
		{7144BD9D-2A5F-45B6-AC5B-E35578D03350}.Debug|iPhone.ActiveCfg = Debug|Any CPU
		{7144BD9D-2A5F-45B6-AC5B-E35578D03350}.Debug|iPhoneSimulator.ActiveCfg = Debug|Any CPU
		{7144BD9D-2A5F-45B6-AC5B-E35578D03350}.Debug|iPhoneSimulator.Build.0 = Debug|Any CPU
		{7144BD9D-2A5F-45B6-AC5B-E35578D03350}.Debug|Mixed Platforms.ActiveCfg = Debug|Any CPU
		{7144BD9D-2A5F-45B6-AC5B-E35578D03350}.Debug|Mixed Platforms.Build.0 = Debug|Any CPU
		{7144BD9D-2A5F-45B6-AC5B-E35578D03350}.Debug|x86.ActiveCfg = Debug|Any CPU
		{7144BD9D-2A5F-45B6-AC5B-E35578D03350}.Release|Any CPU.ActiveCfg = Release|Any CPU
		{7144BD9D-2A5F-45B6-AC5B-E35578D03350}.Release|Any CPU.Build.0 = Release|Any CPU
		{7144BD9D-2A5F-45B6-AC5B-E35578D03350}.Release|ARM.ActiveCfg = Release|Any CPU
		{7144BD9D-2A5F-45B6-AC5B-E35578D03350}.Release|iPhone.ActiveCfg = Release|Any CPU
		{7144BD9D-2A5F-45B6-AC5B-E35578D03350}.Release|iPhoneSimulator.ActiveCfg = Release|Any CPU
		{7144BD9D-2A5F-45B6-AC5B-E35578D03350}.Release|Mixed Platforms.ActiveCfg = Release|Any CPU
		{7144BD9D-2A5F-45B6-AC5B-E35578D03350}.Release|Mixed Platforms.Build.0 = Release|Any CPU
		{7144BD9D-2A5F-45B6-AC5B-E35578D03350}.Release|x86.ActiveCfg = Release|Any CPU
		{D9CCCAF6-FF9E-4688-9D96-645E27616AC4}.Ad-Hoc|Any CPU.ActiveCfg = Release|Any CPU
		{D9CCCAF6-FF9E-4688-9D96-645E27616AC4}.Ad-Hoc|Any CPU.Build.0 = Release|Any CPU
		{D9CCCAF6-FF9E-4688-9D96-645E27616AC4}.Ad-Hoc|ARM.ActiveCfg = Release|Any CPU
		{D9CCCAF6-FF9E-4688-9D96-645E27616AC4}.Ad-Hoc|iPhone.ActiveCfg = Release|Any CPU
		{D9CCCAF6-FF9E-4688-9D96-645E27616AC4}.Ad-Hoc|iPhoneSimulator.ActiveCfg = Release|Any CPU
		{D9CCCAF6-FF9E-4688-9D96-645E27616AC4}.Ad-Hoc|Mixed Platforms.ActiveCfg = Release|Any CPU
		{D9CCCAF6-FF9E-4688-9D96-645E27616AC4}.Ad-Hoc|Mixed Platforms.Build.0 = Release|Any CPU
		{D9CCCAF6-FF9E-4688-9D96-645E27616AC4}.Ad-Hoc|x86.ActiveCfg = Release|Any CPU
		{D9CCCAF6-FF9E-4688-9D96-645E27616AC4}.AppStore|Any CPU.ActiveCfg = Release|Any CPU
		{D9CCCAF6-FF9E-4688-9D96-645E27616AC4}.AppStore|Any CPU.Build.0 = Release|Any CPU
		{D9CCCAF6-FF9E-4688-9D96-645E27616AC4}.AppStore|ARM.ActiveCfg = Release|Any CPU
		{D9CCCAF6-FF9E-4688-9D96-645E27616AC4}.AppStore|iPhone.ActiveCfg = Release|Any CPU
		{D9CCCAF6-FF9E-4688-9D96-645E27616AC4}.AppStore|iPhoneSimulator.ActiveCfg = Release|Any CPU
		{D9CCCAF6-FF9E-4688-9D96-645E27616AC4}.AppStore|Mixed Platforms.ActiveCfg = Release|Any CPU
		{D9CCCAF6-FF9E-4688-9D96-645E27616AC4}.AppStore|Mixed Platforms.Build.0 = Release|Any CPU
		{D9CCCAF6-FF9E-4688-9D96-645E27616AC4}.AppStore|x86.ActiveCfg = Release|Any CPU
		{D9CCCAF6-FF9E-4688-9D96-645E27616AC4}.Debug|Any CPU.ActiveCfg = Debug|Any CPU
		{D9CCCAF6-FF9E-4688-9D96-645E27616AC4}.Debug|Any CPU.Build.0 = Debug|Any CPU
		{D9CCCAF6-FF9E-4688-9D96-645E27616AC4}.Debug|ARM.ActiveCfg = Debug|Any CPU
		{D9CCCAF6-FF9E-4688-9D96-645E27616AC4}.Debug|iPhone.ActiveCfg = Debug|Any CPU
		{D9CCCAF6-FF9E-4688-9D96-645E27616AC4}.Debug|iPhoneSimulator.ActiveCfg = Debug|Any CPU
		{D9CCCAF6-FF9E-4688-9D96-645E27616AC4}.Debug|iPhoneSimulator.Build.0 = Debug|Any CPU
		{D9CCCAF6-FF9E-4688-9D96-645E27616AC4}.Debug|Mixed Platforms.ActiveCfg = Debug|Any CPU
		{D9CCCAF6-FF9E-4688-9D96-645E27616AC4}.Debug|Mixed Platforms.Build.0 = Debug|Any CPU
		{D9CCCAF6-FF9E-4688-9D96-645E27616AC4}.Debug|x86.ActiveCfg = Debug|Any CPU
		{D9CCCAF6-FF9E-4688-9D96-645E27616AC4}.Release|Any CPU.ActiveCfg = Release|Any CPU
		{D9CCCAF6-FF9E-4688-9D96-645E27616AC4}.Release|Any CPU.Build.0 = Release|Any CPU
		{D9CCCAF6-FF9E-4688-9D96-645E27616AC4}.Release|ARM.ActiveCfg = Release|Any CPU
		{D9CCCAF6-FF9E-4688-9D96-645E27616AC4}.Release|iPhone.ActiveCfg = Release|Any CPU
		{D9CCCAF6-FF9E-4688-9D96-645E27616AC4}.Release|iPhoneSimulator.ActiveCfg = Release|Any CPU
		{D9CCCAF6-FF9E-4688-9D96-645E27616AC4}.Release|Mixed Platforms.ActiveCfg = Release|Any CPU
		{D9CCCAF6-FF9E-4688-9D96-645E27616AC4}.Release|Mixed Platforms.Build.0 = Release|Any CPU
		{D9CCCAF6-FF9E-4688-9D96-645E27616AC4}.Release|x86.ActiveCfg = Release|Any CPU
		{DAD9909F-EFF0-44D9-B0E3-92692E1CE704}.Ad-Hoc|Any CPU.ActiveCfg = Release|Any CPU
		{DAD9909F-EFF0-44D9-B0E3-92692E1CE704}.Ad-Hoc|Any CPU.Build.0 = Release|Any CPU
		{DAD9909F-EFF0-44D9-B0E3-92692E1CE704}.Ad-Hoc|ARM.ActiveCfg = Release|Any CPU
		{DAD9909F-EFF0-44D9-B0E3-92692E1CE704}.Ad-Hoc|ARM.Build.0 = Release|Any CPU
		{DAD9909F-EFF0-44D9-B0E3-92692E1CE704}.Ad-Hoc|iPhone.ActiveCfg = Release|Any CPU
		{DAD9909F-EFF0-44D9-B0E3-92692E1CE704}.Ad-Hoc|iPhone.Build.0 = Release|Any CPU
		{DAD9909F-EFF0-44D9-B0E3-92692E1CE704}.Ad-Hoc|iPhoneSimulator.ActiveCfg = Release|Any CPU
		{DAD9909F-EFF0-44D9-B0E3-92692E1CE704}.Ad-Hoc|iPhoneSimulator.Build.0 = Release|Any CPU
		{DAD9909F-EFF0-44D9-B0E3-92692E1CE704}.Ad-Hoc|Mixed Platforms.ActiveCfg = Release|Any CPU
		{DAD9909F-EFF0-44D9-B0E3-92692E1CE704}.Ad-Hoc|Mixed Platforms.Build.0 = Release|Any CPU
		{DAD9909F-EFF0-44D9-B0E3-92692E1CE704}.Ad-Hoc|x86.ActiveCfg = Release|Any CPU
		{DAD9909F-EFF0-44D9-B0E3-92692E1CE704}.Ad-Hoc|x86.Build.0 = Release|Any CPU
		{DAD9909F-EFF0-44D9-B0E3-92692E1CE704}.AppStore|Any CPU.ActiveCfg = Release|Any CPU
		{DAD9909F-EFF0-44D9-B0E3-92692E1CE704}.AppStore|Any CPU.Build.0 = Release|Any CPU
		{DAD9909F-EFF0-44D9-B0E3-92692E1CE704}.AppStore|ARM.ActiveCfg = Release|Any CPU
		{DAD9909F-EFF0-44D9-B0E3-92692E1CE704}.AppStore|ARM.Build.0 = Release|Any CPU
		{DAD9909F-EFF0-44D9-B0E3-92692E1CE704}.AppStore|iPhone.ActiveCfg = Release|Any CPU
		{DAD9909F-EFF0-44D9-B0E3-92692E1CE704}.AppStore|iPhone.Build.0 = Release|Any CPU
		{DAD9909F-EFF0-44D9-B0E3-92692E1CE704}.AppStore|iPhoneSimulator.ActiveCfg = Release|Any CPU
		{DAD9909F-EFF0-44D9-B0E3-92692E1CE704}.AppStore|iPhoneSimulator.Build.0 = Release|Any CPU
		{DAD9909F-EFF0-44D9-B0E3-92692E1CE704}.AppStore|Mixed Platforms.ActiveCfg = Release|Any CPU
		{DAD9909F-EFF0-44D9-B0E3-92692E1CE704}.AppStore|Mixed Platforms.Build.0 = Release|Any CPU
		{DAD9909F-EFF0-44D9-B0E3-92692E1CE704}.AppStore|x86.ActiveCfg = Release|Any CPU
		{DAD9909F-EFF0-44D9-B0E3-92692E1CE704}.AppStore|x86.Build.0 = Release|Any CPU
		{DAD9909F-EFF0-44D9-B0E3-92692E1CE704}.Debug|Any CPU.ActiveCfg = Debug|Any CPU
		{DAD9909F-EFF0-44D9-B0E3-92692E1CE704}.Debug|Any CPU.Build.0 = Debug|Any CPU
		{DAD9909F-EFF0-44D9-B0E3-92692E1CE704}.Debug|ARM.ActiveCfg = Debug|Any CPU
		{DAD9909F-EFF0-44D9-B0E3-92692E1CE704}.Debug|ARM.Build.0 = Debug|Any CPU
		{DAD9909F-EFF0-44D9-B0E3-92692E1CE704}.Debug|iPhone.ActiveCfg = Debug|Any CPU
		{DAD9909F-EFF0-44D9-B0E3-92692E1CE704}.Debug|iPhone.Build.0 = Debug|Any CPU
		{DAD9909F-EFF0-44D9-B0E3-92692E1CE704}.Debug|iPhoneSimulator.ActiveCfg = Debug|Any CPU
		{DAD9909F-EFF0-44D9-B0E3-92692E1CE704}.Debug|iPhoneSimulator.Build.0 = Debug|Any CPU
		{DAD9909F-EFF0-44D9-B0E3-92692E1CE704}.Debug|Mixed Platforms.ActiveCfg = Debug|Any CPU
		{DAD9909F-EFF0-44D9-B0E3-92692E1CE704}.Debug|Mixed Platforms.Build.0 = Debug|Any CPU
		{DAD9909F-EFF0-44D9-B0E3-92692E1CE704}.Debug|x86.ActiveCfg = Debug|Any CPU
		{DAD9909F-EFF0-44D9-B0E3-92692E1CE704}.Debug|x86.Build.0 = Debug|Any CPU
		{DAD9909F-EFF0-44D9-B0E3-92692E1CE704}.Release|Any CPU.ActiveCfg = Release|Any CPU
		{DAD9909F-EFF0-44D9-B0E3-92692E1CE704}.Release|ARM.ActiveCfg = Release|Any CPU
		{DAD9909F-EFF0-44D9-B0E3-92692E1CE704}.Release|ARM.Build.0 = Release|Any CPU
		{DAD9909F-EFF0-44D9-B0E3-92692E1CE704}.Release|iPhone.ActiveCfg = Release|Any CPU
		{DAD9909F-EFF0-44D9-B0E3-92692E1CE704}.Release|iPhone.Build.0 = Release|Any CPU
		{DAD9909F-EFF0-44D9-B0E3-92692E1CE704}.Release|iPhoneSimulator.ActiveCfg = Release|Any CPU
		{DAD9909F-EFF0-44D9-B0E3-92692E1CE704}.Release|iPhoneSimulator.Build.0 = Release|Any CPU
		{DAD9909F-EFF0-44D9-B0E3-92692E1CE704}.Release|Mixed Platforms.ActiveCfg = Release|Any CPU
		{DAD9909F-EFF0-44D9-B0E3-92692E1CE704}.Release|Mixed Platforms.Build.0 = Release|Any CPU
		{DAD9909F-EFF0-44D9-B0E3-92692E1CE704}.Release|x86.ActiveCfg = Release|Any CPU
		{DAD9909F-EFF0-44D9-B0E3-92692E1CE704}.Release|x86.Build.0 = Release|Any CPU
	EndGlobalSection
	GlobalSection(SolutionProperties) = preSolution
		HideSolutionNode = FALSE
	EndGlobalSection
	GlobalSection(NestedProjects) = preSolution
		{841FCCCF-6284-4868-96EE-23A92DBFD8F8} = {2D1C52B7-E25D-4BD5-8688-A642A6842AA5}
		{F2AA2B81-431F-4F5C-A662-BC75358BE5CC} = {2D1C52B7-E25D-4BD5-8688-A642A6842AA5}
		{E8568E2D-EB6E-4742-90A8-671AC91F94BD} = {963262D0-9FD5-4741-8C0E-E2F34F110EF3}
		{A85244E8-3C0F-4017-ABC6-A341A2F04D40} = {963262D0-9FD5-4741-8C0E-E2F34F110EF3}
		{8931C5EF-3BAC-473A-A343-57791D0917B1} = {2D1C52B7-E25D-4BD5-8688-A642A6842AA5}
		{0C23C12C-899F-4AD1-B737-B967A9910C08} = {963262D0-9FD5-4741-8C0E-E2F34F110EF3}
		{46445A29-4242-4FD4-9138-A47B2DBEA736} = {2D1C52B7-E25D-4BD5-8688-A642A6842AA5}
		{7144BD9D-2A5F-45B6-AC5B-E35578D03350} = {963262D0-9FD5-4741-8C0E-E2F34F110EF3}
		{D9CCCAF6-FF9E-4688-9D96-645E27616AC4} = {963262D0-9FD5-4741-8C0E-E2F34F110EF3}
		{DAD9909F-EFF0-44D9-B0E3-92692E1CE704} = {2D1C52B7-E25D-4BD5-8688-A642A6842AA5}
	EndGlobalSection
EndGlobal
